
Microsoft Visual Studio Solution File, Format Version 12.00
# Visual Studio Version 16
VisualStudioVersion = 16.0.31019.35
MinimumVisualStudioVersion = 10.0.40219.1
Project("{FAE04EC0-301F-11D3-BF4B-00C04F79EFBC}") = "LastProg", "LastProg\LastProg.csproj", "{3D70938D-8545-4AE2-8896-8F8CA37D4684}"
EndProject
Global
	GlobalSection(SolutionConfigurationPlatforms) = preSolution
		Debug|Any CPU = Debug|Any CPU
		Release|Any CPU = Release|Any CPU
	EndGlobalSection
	GlobalSection(ProjectConfigurationPlatforms) = postSolution
		{3D70938D-8545-4AE2-8896-8F8CA37D4684}.Debug|Any CPU.ActiveCfg = Debug|Any CPU
		{3D70938D-8545-4AE2-8896-8F8CA37D4684}.Debug|Any CPU.Build.0 = Debug|Any CPU
		{3D70938D-8545-4AE2-8896-8F8CA37D4684}.Release|Any CPU.ActiveCfg = Release|Any CPU
		{3D70938D-8545-4AE2-8896-8F8CA37D4684}.Release|Any CPU.Build.0 = Release|Any CPU
	EndGlobalSection
	GlobalSection(SolutionProperties) = preSolution
		HideSolutionNode = FALSE
	EndGlobalSection
	GlobalSection(ExtensibilityGlobals) = postSolution
		SolutionGuid = {87ED1EC2-606E-4FC1-B716-CC978601F34F}
	EndGlobalSection
EndGlobal
